
Microsoft Visual Studio Solution File, Format Version 12.00
# Visual Studio 14
VisualStudioVersion = 14.0.25420.1
MinimumVisualStudioVersion = 10.0.40219.1
Project("{FAE04EC0-301F-11D3-BF4B-00C04F79EFBC}") = "CS408_PROJECT_STEP1", "CS408_PROJECT_STEP1\CS408_PROJECT_STEP1.csproj", "{AC58F235-A122-4E81-9FE0-4DD956345380}"
EndProject
Global
	GlobalSection(SolutionConfigurationPlatforms) = preSolution
		Debug|Any CPU = Debug|Any CPU
		Release|Any CPU = Release|Any CPU
	EndGlobalSection
	GlobalSection(ProjectConfigurationPlatforms) = postSolution
		{AC58F235-A122-4E81-9FE0-4DD956345380}.Debug|Any CPU.ActiveCfg = Debug|Any CPU
		{AC58F235-A122-4E81-9FE0-4DD956345380}.Debug|Any CPU.Build.0 = Debug|Any CPU
		{AC58F235-A122-4E81-9FE0-4DD956345380}.Release|Any CPU.ActiveCfg = Release|Any CPU
		{AC58F235-A122-4E81-9FE0-4DD956345380}.Release|Any CPU.Build.0 = Release|Any CPU
	EndGlobalSection
	GlobalSection(SolutionProperties) = preSolution
		HideSolutionNode = FALSE
	EndGlobalSection
EndGlobal
